
Microsoft Visual Studio Solution File, Format Version 12.00
# Visual Studio Version 17
VisualStudioVersion = 17.11.35219.272
MinimumVisualStudioVersion = 10.0.40219.1
Project("{9A19103F-16F7-4668-BE54-9A1E7A4F7556}") = "NZWalskApi", "NZWalskApi\NZWalskApi.csproj", "{1CF44EF8-2F63-44F4-8709-86CFD8D02A8B}"
EndProject
Project("{FAE04EC0-301F-11D3-BF4B-00C04F79EFBC}") = "NZWalks.UI", "NZWalks.UI\NZWalks.UI.csproj", "{C40A169B-ED26-473F-A258-C623D8BBAEC6}"
EndProject
Global
	GlobalSection(SolutionConfigurationPlatforms) = preSolution
		Debug|Any CPU = Debug|Any CPU
		Release|Any CPU = Release|Any CPU
	EndGlobalSection
	GlobalSection(ProjectConfigurationPlatforms) = postSolution
		{1CF44EF8-2F63-44F4-8709-86CFD8D02A8B}.Debug|Any CPU.ActiveCfg = Debug|Any CPU
		{1CF44EF8-2F63-44F4-8709-86CFD8D02A8B}.Debug|Any CPU.Build.0 = Debug|Any CPU
		{1CF44EF8-2F63-44F4-8709-86CFD8D02A8B}.Release|Any CPU.ActiveCfg = Release|Any CPU
		{1CF44EF8-2F63-44F4-8709-86CFD8D02A8B}.Release|Any CPU.Build.0 = Release|Any CPU
		{C40A169B-ED26-473F-A258-C623D8BBAEC6}.Debug|Any CPU.ActiveCfg = Debug|Any CPU
		{C40A169B-ED26-473F-A258-C623D8BBAEC6}.Debug|Any CPU.Build.0 = Debug|Any CPU
		{C40A169B-ED26-473F-A258-C623D8BBAEC6}.Release|Any CPU.ActiveCfg = Release|Any CPU
		{C40A169B-ED26-473F-A258-C623D8BBAEC6}.Release|Any CPU.Build.0 = Release|Any CPU
	EndGlobalSection
	GlobalSection(SolutionProperties) = preSolution
		HideSolutionNode = FALSE
	EndGlobalSection
	GlobalSection(ExtensibilityGlobals) = postSolution
		SolutionGuid = {DFE49BAA-9FC0-4279-9502-5834B4E6AA5E}
	EndGlobalSection
EndGlobal
